
Microsoft Visual Studio Solution File, Format Version 12.00
# Visual Studio Version 16
VisualStudioVersion = 16.0.31605.320
MinimumVisualStudioVersion = 10.0.40219.1
Project("{FAE04EC0-301F-11D3-BF4B-00C04F79EFBC}") = "Opening_Tools", "Project\Opening_Tools.csproj", "{3CFC3BC1-666B-44AB-B8FE-809B2D43E654}"
EndProject
Global
	GlobalSection(SolutionConfigurationPlatforms) = preSolution
		Debug|Any CPU = Debug|Any CPU
		Release|Any CPU = Release|Any CPU
	EndGlobalSection
	GlobalSection(ProjectConfigurationPlatforms) = postSolution
		{3CFC3BC1-666B-44AB-B8FE-809B2D43E654}.Debug|Any CPU.ActiveCfg = Debug|Any CPU
		{3CFC3BC1-666B-44AB-B8FE-809B2D43E654}.Debug|Any CPU.Build.0 = Debug|Any CPU
		{3CFC3BC1-666B-44AB-B8FE-809B2D43E654}.Release|Any CPU.ActiveCfg = Release|Any CPU
		{3CFC3BC1-666B-44AB-B8FE-809B2D43E654}.Release|Any CPU.Build.0 = Release|Any CPU
	EndGlobalSection
	GlobalSection(SolutionProperties) = preSolution
		HideSolutionNode = FALSE
	EndGlobalSection
	GlobalSection(ExtensibilityGlobals) = postSolution
		SolutionGuid = {4930B960-2A57-4667-835C-C0384DA407A8}
	EndGlobalSection
EndGlobal
